
Microsoft Visual Studio Solution File, Format Version 12.00
# Visual Studio Version 17
VisualStudioVersion = 17.3.32929.385
MinimumVisualStudioVersion = 10.0.40219.1
Project("{FAE04EC0-301F-11D3-BF4B-00C04F79EFBC}") = "SortingAlgorithms", "SortingAlgorithms\SortingAlgorithms.csproj", "{058B54DA-04F6-4111-91B1-CD5B283F9A26}"
EndProject
Global
	GlobalSection(SolutionConfigurationPlatforms) = preSolution
		Debug|Any CPU = Debug|Any CPU
		Release|Any CPU = Release|Any CPU
	EndGlobalSection
	GlobalSection(ProjectConfigurationPlatforms) = postSolution
		{058B54DA-04F6-4111-91B1-CD5B283F9A26}.Debug|Any CPU.ActiveCfg = Debug|Any CPU
		{058B54DA-04F6-4111-91B1-CD5B283F9A26}.Debug|Any CPU.Build.0 = Debug|Any CPU
		{058B54DA-04F6-4111-91B1-CD5B283F9A26}.Release|Any CPU.ActiveCfg = Release|Any CPU
		{058B54DA-04F6-4111-91B1-CD5B283F9A26}.Release|Any CPU.Build.0 = Release|Any CPU
	EndGlobalSection
	GlobalSection(SolutionProperties) = preSolution
		HideSolutionNode = FALSE
	EndGlobalSection
	GlobalSection(ExtensibilityGlobals) = postSolution
		SolutionGuid = {A3A227C5-1ED7-4ACB-954C-9EEF5D68698D}
	EndGlobalSection
EndGlobal
